// !$*UTF8*$!
{
	archiveVersion = 1;
	classes = {
	};
	objectVersion = 42;
	objects = {

/* Begin PBXBuildFile section */
		775BDEF1067A8BF0009058FE /* MyDocument.xcdatamodel in Sources */ = {isa = PBXBuildFile; fileRef = 775BDEF0067A8BF0009058FE /* MyDocument.xcdatamodel */; };
		775DFF38067A968500C5B868 /* Cocoa.framework in Frameworks */ = {isa = PBXBuildFile; fileRef = 1058C7A7FEA54F5311CA2CBB /* Cocoa.framework */; };
		7928BE5C0B58A21F0000C258 /* CoreData+PatchRadar4828429.m in Sources */ = {isa = PBXBuildFile; fileRef = 7928BE5B0B58A21F0000C258 /* CoreData+PatchRadar4828429.m */; };
		793B66BE0822817F00D8D69E /* TaskDocumentMO.m in Sources */ = {isa = PBXBuildFile; fileRef = 793B66BD0822817F00D8D69E /* TaskDocumentMO.m */; };
		793B66C50822818900D8D69E /* TaskMO.m in Sources */ = {isa = PBXBuildFile; fileRef = 793B66C40822818900D8D69E /* TaskMO.m */; };
		793B66CC0822819700D8D69E /* TaskPeriodMO.m in Sources */ = {isa = PBXBuildFile; fileRef = 793B66CB0822819700D8D69E /* TaskPeriodMO.m */; };
		79476D820B02EBA90008B0B7 /* Carbon.framework in Frameworks */ = {isa = PBXBuildFile; fileRef = 79476D810B02EBA90008B0B7 /* Carbon.framework */; };
		79A384360B02579A00386B39 /* CoreData+JRExtensions.m in Sources */ = {isa = PBXBuildFile; fileRef = 79A384350B02579A00386B39 /* CoreData+JRExtensions.m */; };
		79E11BBD098CA5AB000E8E93 /* Aqua2_Add_Inactive.tif in Resources */ = {isa = PBXBuildFile; fileRef = 79E11BBA098CA5AB000E8E93 /* Aqua2_Add_Inactive.tif */; };
		79E11BBE098CA5AB000E8E93 /* Aqua2_Add_Pressed.tif in Resources */ = {isa = PBXBuildFile; fileRef = 79E11BBB098CA5AB000E8E93 /* Aqua2_Add_Pressed.tif */; };
		79E11BBF098CA5AB000E8E93 /* Aqua2_Add.tif in Resources */ = {isa = PBXBuildFile; fileRef = 79E11BBC098CA5AB000E8E93 /* Aqua2_Add.tif */; };
		79E11BC3098CA5B6000E8E93 /* Aqua2_Remove_Inactive.tif in Resources */ = {isa = PBXBuildFile; fileRef = 79E11BC0098CA5B6000E8E93 /* Aqua2_Remove_Inactive.tif */; };
		79E11BC4098CA5B6000E8E93 /* Aqua2_Remove_Pressed.tif in Resources */ = {isa = PBXBuildFile; fileRef = 79E11BC1098CA5B6000E8E93 /* Aqua2_Remove_Pressed.tif */; };
		79E11BC5098CA5B7000E8E93 /* Aqua2_Remove.tif in Resources */ = {isa = PBXBuildFile; fileRef = 79E11BC2098CA5B6000E8E93 /* Aqua2_Remove.tif */; };
		79E11D5A098D414E000E8E93 /* IntervalFormatter.m in Sources */ = {isa = PBXBuildFile; fileRef = 79E11D59098D414E000E8E93 /* IntervalFormatter.m */; };
		8D15AC2C0486D014006FF6A4 /* Credits.rtf in Resources */ = {isa = PBXBuildFile; fileRef = 2A37F4B9FDCFA73011CA2CEA /* Credits.rtf */; };
		8D15AC2D0486D014006FF6A4 /* MainMenu.nib in Resources */ = {isa = PBXBuildFile; fileRef = 2A37F4B6FDCFA73011CA2CEA /* MainMenu.nib */; };
		8D15AC2E0486D014006FF6A4 /* MyDocument.nib in Resources */ = {isa = PBXBuildFile; fileRef = 2A37F4B4FDCFA73011CA2CEA /* MyDocument.nib */; };
		8D15AC2F0486D014006FF6A4 /* InfoPlist.strings in Resources */ = {isa = PBXBuildFile; fileRef = 089C165FFE840EACC02AAC07 /* InfoPlist.strings */; };
		8D15AC310486D014006FF6A4 /* MyDocument.m in Sources */ = {isa = PBXBuildFile; fileRef = 2A37F4ACFDCFA73011CA2CEA /* MyDocument.m */; settings = {ATTRIBUTES = (); }; };
		8D15AC320486D014006FF6A4 /* main.m in Sources */ = {isa = PBXBuildFile; fileRef = 2A37F4B0FDCFA73011CA2CEA /* main.m */; settings = {ATTRIBUTES = (); }; };
/* End PBXBuildFile section */

/* Begin PBXFileReference section */
		089C1660FE840EACC02AAC07 /* English */ = {isa = PBXFileReference; fileEncoding = 10; lastKnownFileType = text.plist.strings; name = English; path = English.lproj/InfoPlist.strings; sourceTree = "<group>"; };
		1058C7A7FEA54F5311CA2CBB /* Cocoa.framework */ = {isa = PBXFileReference; lastKnownFileType = wrapper.framework; name = Cocoa.framework; path = /System/Library/Frameworks/Cocoa.framework; sourceTree = "<absolute>"; };
		2A37F4ACFDCFA73011CA2CEA /* MyDocument.m */ = {isa = PBXFileReference; fileEncoding = 4; lastKnownFileType = sourcecode.c.objc; path = MyDocument.m; sourceTree = "<group>"; };
		2A37F4AEFDCFA73011CA2CEA /* MyDocument.h */ = {isa = PBXFileReference; fileEncoding = 4; lastKnownFileType = sourcecode.c.h; path = MyDocument.h; sourceTree = "<group>"; };
		2A37F4B0FDCFA73011CA2CEA /* main.m */ = {isa = PBXFileReference; fileEncoding = 4; lastKnownFileType = sourcecode.c.objc; path = main.m; sourceTree = "<group>"; };
		2A37F4B5FDCFA73011CA2CEA /* English */ = {isa = PBXFileReference; lastKnownFileType = wrapper.nib; name = English; path = English.lproj/MyDocument.nib; sourceTree = "<group>"; };
		2A37F4B7FDCFA73011CA2CEA /* English */ = {isa = PBXFileReference; lastKnownFileType = wrapper.nib; name = English; path = English.lproj/MainMenu.nib; sourceTree = "<group>"; };
		2A37F4BAFDCFA73011CA2CEA /* English */ = {isa = PBXFileReference; lastKnownFileType = text.rtf; name = English; path = English.lproj/Credits.rtf; sourceTree = "<group>"; };
		2A37F4C4FDCFA73011CA2CEA /* AppKit.framework */ = {isa = PBXFileReference; lastKnownFileType = wrapper.framework; name = AppKit.framework; path = /System/Library/Frameworks/AppKit.framework; sourceTree = "<absolute>"; };
		2A37F4C5FDCFA73011CA2CEA /* Foundation.framework */ = {isa = PBXFileReference; lastKnownFileType = wrapper.framework; name = Foundation.framework; path = /System/Library/Frameworks/Foundation.framework; sourceTree = "<absolute>"; };
		32DBCF750370BD2300C91783 /* TaskTracker2_Prefix.pch */ = {isa = PBXFileReference; fileEncoding = 4; lastKnownFileType = sourcecode.c.h; path = TaskTracker2_Prefix.pch; sourceTree = "<group>"; };
		775BDEF0067A8BF0009058FE /* MyDocument.xcdatamodel */ = {isa = PBXFileReference; fileEncoding = 4; lastKnownFileType = wrapper.xcdatamodel; path = MyDocument.xcdatamodel; sourceTree = "<group>"; };
		7788DA0506752A1600599AAD /* CoreData.framework */ = {isa = PBXFileReference; lastKnownFileType = wrapper.framework; name = CoreData.framework; path = /System/Library/Frameworks/CoreData.framework; sourceTree = "<absolute>"; };
		7928BE5B0B58A21F0000C258 /* CoreData+PatchRadar4828429.m */ = {isa = PBXFileReference; fileEncoding = 30; lastKnownFileType = sourcecode.c.objc; name = "CoreData+PatchRadar4828429.m"; path = "../CoreData+PatchRadar4828429/CoreData+PatchRadar4828429.m"; sourceTree = "<group>"; };
		793B66BC0822817F00D8D69E /* TaskDocumentMO.h */ = {isa = PBXFileReference; fileEncoding = 4; lastKnownFileType = sourcecode.c.h; path = TaskDocumentMO.h; sourceTree = "<group>"; };
		793B66BD0822817F00D8D69E /* TaskDocumentMO.m */ = {isa = PBXFileReference; fileEncoding = 4; lastKnownFileType = sourcecode.c.objc; path = TaskDocumentMO.m; sourceTree = "<group>"; };
		793B66C30822818900D8D69E /* TaskMO.h */ = {isa = PBXFileReference; fileEncoding = 4; lastKnownFileType = sourcecode.c.h; path = TaskMO.h; sourceTree = "<group>"; };
		793B66C40822818900D8D69E /* TaskMO.m */ = {isa = PBXFileReference; fileEncoding = 4; lastKnownFileType = sourcecode.c.objc; path = TaskMO.m; sourceTree = "<group>"; };
		793B66CA0822819700D8D69E /* TaskPeriodMO.h */ = {isa = PBXFileReference; fileEncoding = 4; lastKnownFileType = sourcecode.c.h; path = TaskPeriodMO.h; sourceTree = "<group>"; };
		793B66CB0822819700D8D69E /* TaskPeriodMO.m */ = {isa = PBXFileReference; fileEncoding = 4; lastKnownFileType = sourcecode.c.objc; path = TaskPeriodMO.m; sourceTree = "<group>"; };
		79476D810B02EBA90008B0B7 /* Carbon.framework */ = {isa = PBXFileReference; lastKnownFileType = wrapper.framework; name = Carbon.framework; path = ../../../../../../../../System/Library/Frameworks/Carbon.framework; sourceTree = "<group>"; };
		79A384340B02579A00386B39 /* CoreData+JRExtensions.h */ = {isa = PBXFileReference; fileEncoding = 30; lastKnownFileType = sourcecode.c.h; name = "CoreData+JRExtensions.h"; path = "../CoreData+JRExtensions/CoreData+JRExtensions.h"; sourceTree = SOURCE_ROOT; };
		79A384350B02579A00386B39 /* CoreData+JRExtensions.m */ = {isa = PBXFileReference; fileEncoding = 30; lastKnownFileType = sourcecode.c.objc; name = "CoreData+JRExtensions.m"; path = "../CoreData+JRExtensions/CoreData+JRExtensions.m"; sourceTree = SOURCE_ROOT; };
		79E11BBA098CA5AB000E8E93 /* Aqua2_Add_Inactive.tif */ = {isa = PBXFileReference; lastKnownFileType = image.tiff; path = Aqua2_Add_Inactive.tif; sourceTree = "<group>"; };
		79E11BBB098CA5AB000E8E93 /* Aqua2_Add_Pressed.tif */ = {isa = PBXFileReference; lastKnownFileType = image.tiff; path = Aqua2_Add_Pressed.tif; sourceTree = "<group>"; };
		79E11BBC098CA5AB000E8E93 /* Aqua2_Add.tif */ = {isa = PBXFileReference; lastKnownFileType = image.tiff; path = Aqua2_Add.tif; sourceTree = "<group>"; };
		79E11BC0098CA5B6000E8E93 /* Aqua2_Remove_Inactive.tif */ = {isa = PBXFileReference; lastKnownFileType = image.tiff; path = Aqua2_Remove_Inactive.tif; sourceTree = "<group>"; };
		79E11BC1098CA5B6000E8E93 /* Aqua2_Remove_Pressed.tif */ = {isa = PBXFileReference; lastKnownFileType = image.tiff; path = Aqua2_Remove_Pressed.tif; sourceTree = "<group>"; };
		79E11BC2098CA5B6000E8E93 /* Aqua2_Remove.tif */ = {isa = PBXFileReference; lastKnownFileType = image.tiff; path = Aqua2_Remove.tif; sourceTree = "<group>"; };
		79E11D58098D414E000E8E93 /* IntervalFormatter.h */ = {isa = PBXFileReference; fileEncoding = 30; lastKnownFileType = sourcecode.c.h; path = IntervalFormatter.h; sourceTree = "<group>"; };
		79E11D59098D414E000E8E93 /* IntervalFormatter.m */ = {isa = PBXFileReference; fileEncoding = 30; lastKnownFileType = sourcecode.c.objc; path = IntervalFormatter.m; sourceTree = "<group>"; };
		79E11D82098D440D000E8E93 /* nsenumerate.h */ = {isa = PBXFileReference; fileEncoding = 30; lastKnownFileType = sourcecode.c.h; path = nsenumerate.h; sourceTree = "<group>"; };
		8D15AC360486D014006FF6A4 /* Info.plist */ = {isa = PBXFileReference; fileEncoding = 4; lastKnownFileType = text.plist; path = Info.plist; sourceTree = "<group>"; };
		8D15AC370486D014006FF6A4 /* TaskTracker2.app */ = {isa = PBXFileReference; explicitFileType = wrapper.application; includeInIndex = 0; path = TaskTracker2.app; sourceTree = BUILT_PRODUCTS_DIR; };
/* End PBXFileReference section */

/* Begin PBXFrameworksBuildPhase section */
		8D15AC330486D014006FF6A4 /* Frameworks */ = {
			isa = PBXFrameworksBuildPhase;
			buildActionMask = 2147483647;
			files = (
				775DFF38067A968500C5B868 /* Cocoa.framework in Frameworks */,
				79476D820B02EBA90008B0B7 /* Carbon.framework in Frameworks */,
			);
			runOnlyForDeploymentPostprocessing = 0;
		};
/* End PBXFrameworksBuildPhase section */

/* Begin PBXGroup section */
		1058C7A6FEA54F5311CA2CBB /* Linked Frameworks */ = {
			isa = PBXGroup;
			children = (
				79476D810B02EBA90008B0B7 /* Carbon.framework */,
				1058C7A7FEA54F5311CA2CBB /* Cocoa.framework */,
			);
			name = "Linked Frameworks";
			sourceTree = "<group>";
		};
		1058C7A8FEA54F5311CA2CBB /* Other Frameworks */ = {
			isa = PBXGroup;
			children = (
				2A37F4C5FDCFA73011CA2CEA /* Foundation.framework */,
				7788DA0506752A1600599AAD /* CoreData.framework */,
				2A37F4C4FDCFA73011CA2CEA /* AppKit.framework */,
			);
			name = "Other Frameworks";
			sourceTree = "<group>";
		};
		19C28FB0FE9D524F11CA2CBB /* Products */ = {
			isa = PBXGroup;
			children = (
				8D15AC370486D014006FF6A4 /* TaskTracker2.app */,
			);
			name = Products;
			sourceTree = "<group>";
		};
		2A37F4AAFDCFA73011CA2CEA /* TaskTracker2 */ = {
			isa = PBXGroup;
			children = (
				2A37F4ABFDCFA73011CA2CEA /* Classes */,
				E1B74B1A0667B4A90069E3BA /* Models */,
				2A37F4AFFDCFA73011CA2CEA /* Other Sources */,
				2A37F4B8FDCFA73011CA2CEA /* Resources */,
				2A37F4C3FDCFA73011CA2CEA /* Frameworks */,
				19C28FB0FE9D524F11CA2CBB /* Products */,
			);
			name = TaskTracker2;
			sourceTree = "<group>";
		};
		2A37F4ABFDCFA73011CA2CEA /* Classes */ = {
			isa = PBXGroup;
			children = (
				2A37F4AEFDCFA73011CA2CEA /* MyDocument.h */,
				2A37F4ACFDCFA73011CA2CEA /* MyDocument.m */,
				79E11D58098D414E000E8E93 /* IntervalFormatter.h */,
				79E11D59098D414E000E8E93 /* IntervalFormatter.m */,
				79E11D82098D440D000E8E93 /* nsenumerate.h */,
				79A384340B02579A00386B39 /* CoreData+JRExtensions.h */,
				79A384350B02579A00386B39 /* CoreData+JRExtensions.m */,
				7928BE5B0B58A21F0000C258 /* CoreData+PatchRadar4828429.m */,
			);
			name = Classes;
			sourceTree = "<group>";
		};
		2A37F4AFFDCFA73011CA2CEA /* Other Sources */ = {
			isa = PBXGroup;
			children = (
				32DBCF750370BD2300C91783 /* TaskTracker2_Prefix.pch */,
				2A37F4B0FDCFA73011CA2CEA /* main.m */,
			);
			name = "Other Sources";
			sourceTree = "<group>";
		};
		2A37F4B8FDCFA73011CA2CEA /* Resources */ = {
			isa = PBXGroup;
			children = (
				79E11BBA098CA5AB000E8E93 /* Aqua2_Add_Inactive.tif */,
				79E11BBB098CA5AB000E8E93 /* Aqua2_Add_Pressed.tif */,
				79E11BBC098CA5AB000E8E93 /* Aqua2_Add.tif */,
				79E11BC0098CA5B6000E8E93 /* Aqua2_Remove_Inactive.tif */,
				79E11BC1098CA5B6000E8E93 /* Aqua2_Remove_Pressed.tif */,
				79E11BC2098CA5B6000E8E93 /* Aqua2_Remove.tif */,
				2A37F4B9FDCFA73011CA2CEA /* Credits.rtf */,
				2A37F4B6FDCFA73011CA2CEA /* MainMenu.nib */,
				2A37F4B4FDCFA73011CA2CEA /* MyDocument.nib */,
				8D15AC360486D014006FF6A4 /* Info.plist */,
				089C165FFE840EACC02AAC07 /* InfoPlist.strings */,
			);
			name = Resources;
			sourceTree = "<group>";
		};
		2A37F4C3FDCFA73011CA2CEA /* Frameworks */ = {
			isa = PBXGroup;
			children = (
				1058C7A6FEA54F5311CA2CBB /* Linked Frameworks */,
				1058C7A8FEA54F5311CA2CBB /* Other Frameworks */,
			);
			name = Frameworks;
			sourceTree = "<group>";
		};
		E1B74B1A0667B4A90069E3BA /* Models */ = {
			isa = PBXGroup;
			children = (
				775BDEF0067A8BF0009058FE /* MyDocument.xcdatamodel */,
				793B66BC0822817F00D8D69E /* TaskDocumentMO.h */,
				793B66BD0822817F00D8D69E /* TaskDocumentMO.m */,
				793B66C30822818900D8D69E /* TaskMO.h */,
				793B66C40822818900D8D69E /* TaskMO.m */,
				793B66CA0822819700D8D69E /* TaskPeriodMO.h */,
				793B66CB0822819700D8D69E /* TaskPeriodMO.m */,
			);
			name = Models;
			sourceTree = "<group>";
		};
/* End PBXGroup section */

/* Begin PBXNativeTarget section */
		8D15AC270486D014006FF6A4 /* TaskTracker2 */ = {
			isa = PBXNativeTarget;
			buildConfigurationList = 7993E5B20971D6AB0012DB93 /* Build configuration list for PBXNativeTarget "TaskTracker2" */;
			buildPhases = (
				8D15AC2B0486D014006FF6A4 /* Resources */,
				8D15AC300486D014006FF6A4 /* Sources */,
				8D15AC330486D014006FF6A4 /* Frameworks */,
			);
			buildRules = (
			);
			dependencies = (
			);
			name = TaskTracker2;
			productInstallPath = "$(HOME)/Applications";
			productName = TaskTracker2;
			productReference = 8D15AC370486D014006FF6A4 /* TaskTracker2.app */;
			productType = "com.apple.product-type.application";
		};
/* End PBXNativeTarget section */

/* Begin PBXProject section */
		2A37F4A9FDCFA73011CA2CEA /* Project object */ = {
			isa = PBXProject;
			buildConfigurationList = 7993E5B60971D6AB0012DB93 /* Build configuration list for PBXProject "TaskTracker2" */;
			compatibilityVersion = "Xcode 2.4";
			hasScannedForEncodings = 1;
			mainGroup = 2A37F4AAFDCFA73011CA2CEA /* TaskTracker2 */;
			projectDirPath = "";
			projectRoot = "";
			targets = (
				8D15AC270486D014006FF6A4 /* TaskTracker2 */,
			);
		};
/* End PBXProject section */

/* Begin PBXResourcesBuildPhase section */
		8D15AC2B0486D014006FF6A4 /* Resources */ = {
			isa = PBXResourcesBuildPhase;
			buildActionMask = 2147483647;
			files = (
				8D15AC2C0486D014006FF6A4 /* Credits.rtf in Resources */,
				8D15AC2D0486D014006FF6A4 /* MainMenu.nib in Resources */,
				8D15AC2E0486D014006FF6A4 /* MyDocument.nib in Resources */,
				8D15AC2F0486D014006FF6A4 /* InfoPlist.strings in Resources */,
				79E11BBD098CA5AB000E8E93 /* Aqua2_Add_Inactive.tif in Resources */,
				79E11BBE098CA5AB000E8E93 /* Aqua2_Add_Pressed.tif in Resources */,
				79E11BBF098CA5AB000E8E93 /* Aqua2_Add.tif in Resources */,
				79E11BC3098CA5B6000E8E93 /* Aqua2_Remove_Inactive.tif in Resources */,
				79E11BC4098CA5B6000E8E93 /* Aqua2_Remove_Pressed.tif in Resources */,
				79E11BC5098CA5B7000E8E93 /* Aqua2_Remove.tif in Resources */,
			);
			runOnlyForDeploymentPostprocessing = 0;
		};
/* End PBXResourcesBuildPhase section */

/* Begin PBXSourcesBuildPhase section */
		8D15AC300486D014006FF6A4 /* Sources */ = {
			isa = PBXSourcesBuildPhase;
			buildActionMask = 2147483647;
			files = (
				8D15AC310486D014006FF6A4 /* MyDocument.m in Sources */,
				8D15AC320486D014006FF6A4 /* main.m in Sources */,
				775BDEF1067A8BF0009058FE /* MyDocument.xcdatamodel in Sources */,
				793B66BE0822817F00D8D69E /* TaskDocumentMO.m in Sources */,
				793B66C50822818900D8D69E /* TaskMO.m in Sources */,
				793B66CC0822819700D8D69E /* TaskPeriodMO.m in Sources */,
				79E11D5A098D414E000E8E93 /* IntervalFormatter.m in Sources */,
				79A384360B02579A00386B39 /* CoreData+JRExtensions.m in Sources */,
				7928BE5C0B58A21F0000C258 /* CoreData+PatchRadar4828429.m in Sources */,
			);
			runOnlyForDeploymentPostprocessing = 0;
		};
/* End PBXSourcesBuildPhase section */

/* Begin PBXVariantGroup section */
		089C165FFE840EACC02AAC07 /* InfoPlist.strings */ = {
			isa = PBXVariantGroup;
			children = (
				089C1660FE840EACC02AAC07 /* English */,
			);
			name = InfoPlist.strings;
			sourceTree = "<group>";
		};
		2A37F4B4FDCFA73011CA2CEA /* MyDocument.nib */ = {
			isa = PBXVariantGroup;
			children = (
				2A37F4B5FDCFA73011CA2CEA /* English */,
			);
			name = MyDocument.nib;
			sourceTree = "<group>";
		};
		2A37F4B6FDCFA73011CA2CEA /* MainMenu.nib */ = {
			isa = PBXVariantGroup;
			children = (
				2A37F4B7FDCFA73011CA2CEA /* English */,
			);
			name = MainMenu.nib;
			sourceTree = "<group>";
		};
		2A37F4B9FDCFA73011CA2CEA /* Credits.rtf */ = {
			isa = PBXVariantGroup;
			children = (
				2A37F4BAFDCFA73011CA2CEA /* English */,
			);
			name = Credits.rtf;
			sourceTree = "<group>";
		};
/* End PBXVariantGroup section */

/* Begin XCBuildConfiguration section */
		7993E5B30971D6AB0012DB93 /* Development */ = {
			isa = XCBuildConfiguration;
			buildSettings = {
				COPY_PHASE_STRIP = NO;
				GCC_DYNAMIC_NO_PIC = NO;
				GCC_ENABLE_FIX_AND_CONTINUE = YES;
				GCC_ENABLE_OBJC_EXCEPTIONS = YES;
				GCC_GENERATE_DEBUGGING_SYMBOLS = YES;
				GCC_MODEL_TUNING = G5;
				GCC_OPTIMIZATION_LEVEL = 0;
				GCC_PRECOMPILE_PREFIX_HEADER = YES;
				GCC_PREFIX_HEADER = TaskTracker2_Prefix.pch;
				GCC_WARN_ABOUT_RETURN_TYPE = YES;
				GCC_WARN_UNUSED_VARIABLE = YES;
				INFOPLIST_FILE = Info.plist;
				INSTALL_PATH = "$(HOME)/Applications";
				PREBINDING = NO;
				PRODUCT_NAME = TaskTracker2;
				WRAPPER_EXTENSION = app;
				ZERO_LINK = NO;
			};
			name = Development;
		};
		7993E5B40971D6AB0012DB93 /* Deployment */ = {
			isa = XCBuildConfiguration;
			buildSettings = {
				ARCHS = (
					ppc,
					i386,
				);
				COPY_PHASE_STRIP = YES;
				GCC_ENABLE_FIX_AND_CONTINUE = NO;
				GCC_ENABLE_OBJC_EXCEPTIONS = YES;
				GCC_GENERATE_DEBUGGING_SYMBOLS = NO;
				GCC_MODEL_TUNING = G5;
				GCC_PRECOMPILE_PREFIX_HEADER = YES;
				GCC_PREFIX_HEADER = TaskTracker2_Prefix.pch;
				GCC_WARN_ABOUT_RETURN_TYPE = YES;
				GCC_WARN_UNUSED_VARIABLE = YES;
				INFOPLIST_FILE = Info.plist;
				INSTALL_PATH = "$(HOME)/Applications";
				PREBINDING = NO;
				PRODUCT_NAME = TaskTracker2;
				WRAPPER_EXTENSION = app;
				ZERO_LINK = NO;
			};
			name = Deployment;
		};
		7993E5B50971D6AB0012DB93 /* Default */ = {
			isa = XCBuildConfiguration;
			buildSettings = {
				GCC_ENABLE_OBJC_EXCEPTIONS = YES;
				GCC_GENERATE_DEBUGGING_SYMBOLS = NO;
				GCC_MODEL_TUNING = G5;
				GCC_PRECOMPILE_PREFIX_HEADER = YES;
				GCC_PREFIX_HEADER = TaskTracker2_Prefix.pch;
				GCC_WARN_ABOUT_RETURN_TYPE = YES;
				GCC_WARN_UNUSED_VARIABLE = YES;
				INFOPLIST_FILE = Info.plist;
				INSTALL_PATH = "$(HOME)/Applications";
				PREBINDING = NO;
				PRODUCT_NAME = TaskTracker2;
				WRAPPER_EXTENSION = app;
			};
			name = Default;
		};
		7993E5B70971D6AB0012DB93 /* Development */ = {
			isa = XCBuildConfiguration;
			buildSettings = {
				GCC_C_LANGUAGE_STANDARD = c99;
				SDKROOT = /Developer/SDKs/MacOSX10.4u.sdk;
			};
			name = Development;
		};
		7993E5B80971D6AB0012DB93 /* Deployment */ = {
			isa = XCBuildConfiguration;
			buildSettings = {
				GCC_C_LANGUAGE_STANDARD = c99;
				SDKROOT = /Developer/SDKs/MacOSX10.4u.sdk;
			};
			name = Deployment;
		};
		7993E5B90971D6AB0012DB93 /* Default */ = {
			isa = XCBuildConfiguration;
			buildSettings = {
				GCC_C_LANGUAGE_STANDARD = c99;
				SDKROOT = /Developer/SDKs/MacOSX10.4u.sdk;
			};
			name = Default;
		};
/* End XCBuildConfiguration section */

/* Begin XCConfigurationList section */
		7993E5B20971D6AB0012DB93 /* Build configuration list for PBXNativeTarget "TaskTracker2" */ = {
			isa = XCConfigurationList;
			buildConfigurations = (
				7993E5B30971D6AB0012DB93 /* Development */,
				7993E5B40971D6AB0012DB93 /* Deployment */,
				7993E5B50971D6AB0012DB93 /* Default */,
			);
			defaultConfigurationIsVisible = 0;
			defaultConfigurationName = Default;
		};
		7993E5B60971D6AB0012DB93 /* Build configuration list for PBXProject "TaskTracker2" */ = {
			isa = XCConfigurationList;
			buildConfigurations = (
				7993E5B70971D6AB0012DB93 /* Development */,
				7993E5B80971D6AB0012DB93 /* Deployment */,
				7993E5B90971D6AB0012DB93 /* Default */,
			);
			defaultConfigurationIsVisible = 0;
			defaultConfigurationName = Default;
		};
/* End XCConfigurationList section */
	};
	rootObject = 2A37F4A9FDCFA73011CA2CEA /* Project object */;
}
